Microsoft Visual Studio Solution File, Format Version 12.00
# Visual Studio Version 17
VisualStudioVersion = 17.0.31912.275
MinimumVisualStudioVersion = 10.0.40219.1
Project("{FAE04EC0-301F-11D3-BF4B-00C04F79EFBC}") = "TaskManager.Api", "src\TaskManager.Api\TaskManager.Api.csproj", "{44ED7572-4016-4171-A24C-3FE734667139}"
EndProject
Project("{FAE04EC0-301F-11D3-BF4B-00C04F79EFBC}") = "TaskManager.Application", "src\TaskManager.Application\TaskManager.Application.csproj", "{F2E96114-3EA6-43B4-BBA5-82D0EEADF711}"
EndProject
Project("{FAE04EC0-301F-11D3-BF4B-00C04F79EFBC}") = "TaskManager.Domain", "src\TaskManager.Domain\TaskManager.Domain.csproj", "{A5CD60BD-9932-478B-A2ED-10C1A824FC46}"
EndProject
Project("{FAE04EC0-301F-11D3-BF4B-00C04F79EFBC}") = "TaskManager.Infrastructure", "src\TaskManager.Infrastructure\TaskManager.Infrastructure.csproj", "{13FC705B-766E-4DC2-8BB2-2DE5BB695605}"
EndProject
Global
	GlobalSection(SolutionConfigurationPlatforms) = preSolution
		Debug|Any CPU = Debug|Any CPU
		Release|Any CPU = Release|Any CPU
	EndGlobalSection
	GlobalSection(ProjectConfigurationPlatforms) = postSolution
		{44ED7572-4016-4171-A24C-3FE734667139}.Debug|Any CPU.ActiveCfg = Debug|Any CPU
		{44ED7572-4016-4171-A24C-3FE734667139}.Debug|Any CPU.Build.0 = Debug|Any CPU
		{44ED7572-4016-4171-A24C-3FE734667139}.Release|Any CPU.ActiveCfg = Release|Any CPU
		{44ED7572-4016-4171-A24C-3FE734667139}.Release|Any CPU.Build.0 = Release|Any CPU
		{F2E96114-3EA6-43B4-BBA5-82D0EEADF711}.Debug|Any CPU.ActiveCfg = Debug|Any CPU
		{F2E96114-3EA6-43B4-BBA5-82D0EEADF711}.Debug|Any CPU.Build.0 = Debug|Any CPU
		{F2E96114-3EA6-43B4-BBA5-82D0EEADF711}.Release|Any CPU.ActiveCfg = Release|Any CPU
		{F2E96114-3EA6-43B4-BBA5-82D0EEADF711}.Release|Any CPU.Build.0 = Release|Any CPU
		{A5CD60BD-9932-478B-A2ED-10C1A824FC46}.Debug|Any CPU.ActiveCfg = Debug|Any CPU
		{A5CD60BD-9932-478B-A2ED-10C1A824FC46}.Debug|Any CPU.Build.0 = Debug|Any CPU
		{A5CD60BD-9932-478B-A2ED-10C1A824FC46}.Release|Any CPU.ActiveCfg = Release|Any CPU
		{A5CD60BD-9932-478B-A2ED-10C1A824FC46}.Release|Any CPU.Build.0 = Release|Any CPU
		{13FC705B-766E-4DC2-8BB2-2DE5BB695605}.Debug|Any CPU.ActiveCfg = Debug|Any CPU
		{13FC705B-766E-4DC2-8BB2-2DE5BB695605}.Debug|Any CPU.Build.0 = Debug|Any CPU
		{13FC705B-766E-4DC2-8BB2-2DE5BB695605}.Release|Any CPU.ActiveCfg = Release|Any CPU
		{13FC705B-766E-4DC2-8BB2-2DE5BB695605}.Release|Any CPU.Build.0 = Release|Any CPU
	EndGlobalSection
EndGlobal
